
Microsoft Visual Studio Solution File, Format Version 12.00
# Visual Studio Version 16
VisualStudioVersion = 16.0.29123.88
MinimumVisualStudioVersion = 10.0.40219.1
Project("{FAE04EC0-301F-11D3-BF4B-00C04F79EFBC}") = "Cw1", "Cw1\Cw1.csproj", "{A555FCDB-C56E-49AD-927E-F89BC9898E3C}"
EndProject
Global
	GlobalSection(SolutionConfigurationPlatforms) = preSolution
		Debug|Any CPU = Debug|Any CPU
		Release|Any CPU = Release|Any CPU
	EndGlobalSection
	GlobalSection(ProjectConfigurationPlatforms) = postSolution
		{A555FCDB-C56E-49AD-927E-F89BC9898E3C}.Debug|Any CPU.ActiveCfg = Debug|Any CPU
		{A555FCDB-C56E-49AD-927E-F89BC9898E3C}.Debug|Any CPU.Build.0 = Debug|Any CPU
		{A555FCDB-C56E-49AD-927E-F89BC9898E3C}.Release|Any CPU.ActiveCfg = Release|Any CPU
		{A555FCDB-C56E-49AD-927E-F89BC9898E3C}.Release|Any CPU.Build.0 = Release|Any CPU
	EndGlobalSection
	GlobalSection(SolutionProperties) = preSolution
		HideSolutionNode = FALSE
	EndGlobalSection
	GlobalSection(ExtensibilityGlobals) = postSolution
		SolutionGuid = {BF7DD900-79C3-4DB7-AD85-13724F3A675F}
	EndGlobalSection
EndGlobal
